
Microsoft Visual Studio Solution File, Format Version 12.00
Project("{FAE04EC0-301F-11D3-BF4B-00C04F79EFBC}") = "PowerLineTestTask", "PowerLineTestTask\PowerLineTestTask.csproj", "{98E09717-80E2-4A5F-B604-66C0C249E1FE}"
EndProject
Project("{FAE04EC0-301F-11D3-BF4B-00C04F79EFBC}") = "PowerLineTestTask.Tests", "PowerLineTestTask.Tests\PowerLineTestTask.Tests.csproj", "{8D217B6A-4DE5-48A9-B8AF-B587E818F816}"
EndProject
Global
	GlobalSection(SolutionConfigurationPlatforms) = preSolution
		Debug|Any CPU = Debug|Any CPU
		Release|Any CPU = Release|Any CPU
	EndGlobalSection
	GlobalSection(ProjectConfigurationPlatforms) = postSolution
		{98E09717-80E2-4A5F-B604-66C0C249E1FE}.Debug|Any CPU.ActiveCfg = Debug|Any CPU
		{98E09717-80E2-4A5F-B604-66C0C249E1FE}.Debug|Any CPU.Build.0 = Debug|Any CPU
		{98E09717-80E2-4A5F-B604-66C0C249E1FE}.Release|Any CPU.ActiveCfg = Release|Any CPU
		{98E09717-80E2-4A5F-B604-66C0C249E1FE}.Release|Any CPU.Build.0 = Release|Any CPU
		{8D217B6A-4DE5-48A9-B8AF-B587E818F816}.Debug|Any CPU.ActiveCfg = Debug|Any CPU
		{8D217B6A-4DE5-48A9-B8AF-B587E818F816}.Debug|Any CPU.Build.0 = Debug|Any CPU
		{8D217B6A-4DE5-48A9-B8AF-B587E818F816}.Release|Any CPU.ActiveCfg = Release|Any CPU
		{8D217B6A-4DE5-48A9-B8AF-B587E818F816}.Release|Any CPU.Build.0 = Release|Any CPU
	EndGlobalSection
EndGlobal
